// !$*UTF8*$!
{
	archiveVersion = 1;
	classes = {
	};
	objectVersion = 50;
	objects = {

/* Begin PBXBuildFile section */
		074404112111E4B40022440D /* AppDelegate.swift in Sources */ = {isa = PBXBuildFile; fileRef = 074404102111E4B40022440D /* AppDelegate.swift */; };
		074404182111E4B40022440D /* Assets.xcassets in Resources */ = {isa = PBXBuildFile; fileRef = 074404172111E4B40022440D /* Assets.xcassets */; };
		0744041B2111E4B40022440D /* LaunchScreen.storyboard in Resources */ = {isa = PBXBuildFile; fileRef = 074404192111E4B40022440D /* LaunchScreen.storyboard */; };
		074404232111E4E90022440D /* GoogleService-Info.plist in Resources */ = {isa = PBXBuildFile; fileRef = 074404222111E4E90022440D /* GoogleService-Info.plist */; };
		0789B20F2115730700D03226 /* TimerView.swift in Sources */ = {isa = PBXBuildFile; fileRef = 0789B20E2115730700D03226 /* TimerView.swift */; };
		078BEB7F2114FA5B008C6722 /* Reusable.swift in Sources */ = {isa = PBXBuildFile; fileRef = 078BEB7E2114FA5B008C6722 /* Reusable.swift */; };
		078BEB812114FB0D008C6722 /* LayoutableTableViewCell.swift in Sources */ = {isa = PBXBuildFile; fileRef = 078BEB802114FB0D008C6722 /* LayoutableTableViewCell.swift */; };
		078BEB832114FB63008C6722 /* UserTableViewCell.swift in Sources */ = {isa = PBXBuildFile; fileRef = 078BEB822114FB63008C6722 /* UserTableViewCell.swift */; };
		079B79412112DED4006BF34F /* Question.swift in Sources */ = {isa = PBXBuildFile; fileRef = 079B79402112DED4006BF34F /* Question.swift */; };
		079B79432112DF12006BF34F /* Answer.swift in Sources */ = {isa = PBXBuildFile; fileRef = 079B79422112DF12006BF34F /* Answer.swift */; };
		079B79452112DF96006BF34F /* QuestionView.swift in Sources */ = {isa = PBXBuildFile; fileRef = 079B79442112DF96006BF34F /* QuestionView.swift */; };
		079B79472112E080006BF34F /* AnswersView.swift in Sources */ = {isa = PBXBuildFile; fileRef = 079B79462112E080006BF34F /* AnswersView.swift */; };
		079B794A2112E6CD006BF34F /* GameHeaderView.swift in Sources */ = {isa = PBXBuildFile; fileRef = 079B79492112E6CD006BF34F /* GameHeaderView.swift */; };
		079C9CF62114304900D47060 /* AuthCache.swift in Sources */ = {isa = PBXBuildFile; fileRef = 079C9CF52114304900D47060 /* AuthCache.swift */; };
		079C9CF821143AEC00D47060 /* TokenResult.swift in Sources */ = {isa = PBXBuildFile; fileRef = 079C9CF721143AEC00D47060 /* TokenResult.swift */; };
		07A1A8E42112063200471B9A /* LayoutableView.swift in Sources */ = {isa = PBXBuildFile; fileRef = 07A1A8E32112063200471B9A /* LayoutableView.swift */; };
		07A1A8E62112068100471B9A /* Layouting.swift in Sources */ = {isa = PBXBuildFile; fileRef = 07A1A8E52112068100471B9A /* Layouting.swift */; };
		07A1A8E92112076200471B9A /* WelcomeView.swift in Sources */ = {isa = PBXBuildFile; fileRef = 07A1A8E82112076200471B9A /* WelcomeView.swift */; };
		07A1A8EB2112077C00471B9A /* WelcomeViewController.swift in Sources */ = {isa = PBXBuildFile; fileRef = 07A1A8EA2112077C00471B9A /* WelcomeViewController.swift */; };
		07A1A8ED211208CD00471B9A /* Layoutable.swift in Sources */ = {isa = PBXBuildFile; fileRef = 07A1A8EC211208CD00471B9A /* Layoutable.swift */; };
		07A1A8F221120DAE00471B9A /* Localizable.strings in Resources */ = {isa = PBXBuildFile; fileRef = 07A1A8F421120DAE00471B9A /* Localizable.strings */; };
		07A1A8F721120E4A00471B9A /* L10n.swift in Sources */ = {isa = PBXBuildFile; fileRef = 07A1A8F621120E4A00471B9A /* L10n.swift */; };
		07A1A9002112109500471B9A /* GameView.swift in Sources */ = {isa = PBXBuildFile; fileRef = 07A1A8FF2112109500471B9A /* GameView.swift */; };
		07A1A902211210AB00471B9A /* GameViewController.swift in Sources */ = {isa = PBXBuildFile; fileRef = 07A1A901211210AB00471B9A /* GameViewController.swift */; };
		07A1A90C2112404100471B9A /* Color.swift in Sources */ = {isa = PBXBuildFile; fileRef = 07A1A90B2112404100471B9A /* Color.swift */; };
		07A1A90E2112438300471B9A /* FlipView.swift in Sources */ = {isa = PBXBuildFile; fileRef = 07A1A90D2112438300471B9A /* FlipView.swift */; };
		07C168EF2114713D004F697C /* UserService.swift in Sources */ = {isa = PBXBuildFile; fileRef = 07C168EE2114713D004F697C /* UserService.swift */; };
		07C168F12114791C004F697C /* APIError.swift in Sources */ = {isa = PBXBuildFile; fileRef = 07C168F02114791C004F697C /* APIError.swift */; };
		07C168F321147CB2004F697C /* Moya+Extensions.swift in Sources */ = {isa = PBXBuildFile; fileRef = 07C168F221147CB2004F697C /* Moya+Extensions.swift */; };
		07C168F721148515004F697C /* User.swift in Sources */ = {isa = PBXBuildFile; fileRef = 07C168F621148515004F697C /* User.swift */; };
		07C168F92114861F004F697C /* UsersResult.swift in Sources */ = {isa = PBXBuildFile; fileRef = 07C168F82114861F004F697C /* UsersResult.swift */; };
		07C168FC21148896004F697C /* ScoreboardView.swift in Sources */ = {isa = PBXBuildFile; fileRef = 07C168FB21148896004F697C /* ScoreboardView.swift */; };
		07C168FE211488AB004F697C /* ScoreboardViewController.swift in Sources */ = {isa = PBXBuildFile; fileRef = 07C168FD211488AB004F697C /* ScoreboardViewController.swift */; };
		07C169022114B319004F697C /* Extensions.swift in Sources */ = {isa = PBXBuildFile; fileRef = 07C169012114B319004F697C /* Extensions.swift */; };
		07C169042114B6DD004F697C /* LayoutingViewController.swift in Sources */ = {isa = PBXBuildFile; fileRef = 07C169032114B6DD004F697C /* LayoutingViewController.swift */; };
		07C169062114B7B2004F697C /* KeyboardHandling.swift in Sources */ = {isa = PBXBuildFile; fileRef = 07C169052114B7B2004F697C /* KeyboardHandling.swift */; };
		07C169082114B7CF004F697C /* KeyboardNotification.swift in Sources */ = {isa = PBXBuildFile; fileRef = 07C169072114B7CF004F697C /* KeyboardNotification.swift */; };
		07C1690A2114B7F2004F697C /* KeyboardObserving.swift in Sources */ = {isa = PBXBuildFile; fileRef = 07C169092114B7F2004F697C /* KeyboardObserving.swift */; };
		07C1690C2114CD8E004F697C /* Button.swift in Sources */ = {isa = PBXBuildFile; fileRef = 07C1690B2114CD8E004F697C /* Button.swift */; };
		07C1690E2114D039004F697C /* TextField.swift in Sources */ = {isa = PBXBuildFile; fileRef = 07C1690D2114D039004F697C /* TextField.swift */; };
		07C169102114D083004F697C /* Stylable.swift in Sources */ = {isa = PBXBuildFile; fileRef = 07C1690F2114D083004F697C /* Stylable.swift */; };
		07C4BBCF2113670900A61284 /* API.swift in Sources */ = {isa = PBXBuildFile; fileRef = 07C4BBCE2113670900A61284 /* API.swift */; };
		07C4BBD12113687600A61284 /* AuthService.swift in Sources */ = {isa = PBXBuildFile; fileRef = 07C4BBD02113687600A61284 /* AuthService.swift */; };
		07C4BBD321136D3500A61284 /* AuthResult.swift in Sources */ = {isa = PBXBuildFile; fileRef = 07C4BBD221136D3500A61284 /* AuthResult.swift */; };
		07C4BBDA2113713B00A61284 /* AuthView.swift in Sources */ = {isa = PBXBuildFile; fileRef = 07C4BBD92113713B00A61284 /* AuthView.swift */; };
		07C4BBDC2113714D00A61284 /* AuthViewController.swift in Sources */ = {isa = PBXBuildFile; fileRef = 07C4BBDB2113714D00A61284 /* AuthViewController.swift */; };
		07C4BBE22113922300A61284 /* DefaultDecoder.swift in Sources */ = {isa = PBXBuildFile; fileRef = 07C4BBE12113922300A61284 /* DefaultDecoder.swift */; };
		07C4BBE42113933300A61284 /* GameService.swift in Sources */ = {isa = PBXBuildFile; fileRef = 07C4BBE32113933300A61284 /* GameService.swift */; };
		07EB7E3F2114DF6C00A11965 /* Loadingable.swift in Sources */ = {isa = PBXBuildFile; fileRef = 07EB7E3E2114DF6C00A11965 /* Loadingable.swift */; };
		07EB7E412114EAFB00A11965 /* Alert.swift in Sources */ = {isa = PBXBuildFile; fileRef = 07EB7E402114EAFB00A11965 /* Alert.swift */; };
		8DD342418837BBC8BAA5C7F0 /* Pods_iOS_Trivia.framework in Frameworks */ = {isa = PBXBuildFile; fileRef = D087F5F5317530B4F48BF36D /* Pods_iOS_Trivia.framework */; };
/* End PBXBuildFile section */

/* Begin PBXFileReference section */
		0744040D2111E4B40022440D /* iOS Trivia.app */ = {isa = PBXFileReference; explicitFileType = wrapper.application; includeInIndex = 0; path = "iOS Trivia.app"; sourceTree = BUILT_PRODUCTS_DIR; };
		074404102111E4B40022440D /* AppDelegate.swift */ = {isa = PBXFileReference; lastKnownFileType = sourcecode.swift; path = AppDelegate.swift; sourceTree = "<group>"; };
		074404172111E4B40022440D /* Assets.xcassets */ = {isa = PBXFileReference; lastKnownFileType = folder.assetcatalog; path = Assets.xcassets; sourceTree = "<group>"; };
		0744041A2111E4B40022440D /* Base */ = {isa = PBXFileReference; lastKnownFileType = file.storyboard; name = Base; path = Base.lproj/LaunchScreen.storyboard; sourceTree = "<group>"; };
		0744041C2111E4B40022440D /* Info.plist */ = {isa = PBXFileReference; lastKnownFileType = text.plist.xml; path = Info.plist; sourceTree = "<group>"; };
		074404222111E4E90022440D /* GoogleService-Info.plist */ = {isa = PBXFileReference; fileEncoding = 4; lastKnownFileType = text.plist.xml; path = "GoogleService-Info.plist"; sourceTree = "<group>"; };
		0789B20E2115730700D03226 /* TimerView.swift */ = {isa = PBXFileReference; lastKnownFileType = sourcecode.swift; path = TimerView.swift; sourceTree = "<group>"; };
		078BEB7E2114FA5B008C6722 /* Reusable.swift */ = {isa = PBXFileReference; lastKnownFileType = sourcecode.swift; path = Reusable.swift; sourceTree = "<group>"; };
		078BEB802114FB0D008C6722 /* LayoutableTableViewCell.swift */ = {isa = PBXFileReference; lastKnownFileType = sourcecode.swift; path = LayoutableTableViewCell.swift; sourceTree = "<group>"; };
		078BEB822114FB63008C6722 /* UserTableViewCell.swift */ = {isa = PBXFileReference; lastKnownFileType = sourcecode.swift; path = UserTableViewCell.swift; sourceTree = "<group>"; };
		079B79402112DED4006BF34F /* Question.swift */ = {isa = PBXFileReference; lastKnownFileType = sourcecode.swift; path = Question.swift; sourceTree = "<group>"; };
		079B79422112DF12006BF34F /* Answer.swift */ = {isa = PBXFileReference; lastKnownFileType = sourcecode.swift; path = Answer.swift; sourceTree = "<group>"; };
		079B79442112DF96006BF34F /* QuestionView.swift */ = {isa = PBXFileReference; lastKnownFileType = sourcecode.swift; path = QuestionView.swift; sourceTree = "<group>"; };
		079B79462112E080006BF34F /* AnswersView.swift */ = {isa = PBXFileReference; lastKnownFileType = sourcecode.swift; path = AnswersView.swift; sourceTree = "<group>"; };
		079B79492112E6CD006BF34F /* GameHeaderView.swift */ = {isa = PBXFileReference; lastKnownFileType = sourcecode.swift; path = GameHeaderView.swift; sourceTree = "<group>"; };
		079C9CF52114304900D47060 /* AuthCache.swift */ = {isa = PBXFileReference; lastKnownFileType = sourcecode.swift; path = AuthCache.swift; sourceTree = "<group>"; };
		079C9CF721143AEC00D47060 /* TokenResult.swift */ = {isa = PBXFileReference; lastKnownFileType = sourcecode.swift; path = TokenResult.swift; sourceTree = "<group>"; };
		07A1A8E32112063200471B9A /* LayoutableView.swift */ = {isa = PBXFileReference; lastKnownFileType = sourcecode.swift; path = LayoutableView.swift; sourceTree = "<group>"; };
		07A1A8E52112068100471B9A /* Layouting.swift */ = {isa = PBXFileReference; lastKnownFileType = sourcecode.swift; path = Layouting.swift; sourceTree = "<group>"; };
		07A1A8E82112076200471B9A /* WelcomeView.swift */ = {isa = PBXFileReference; lastKnownFileType = sourcecode.swift; path = WelcomeView.swift; sourceTree = "<group>"; };
		07A1A8EA2112077C00471B9A /* WelcomeViewController.swift */ = {isa = PBXFileReference; lastKnownFileType = sourcecode.swift; path = WelcomeViewController.swift; sourceTree = "<group>"; };
		07A1A8EC211208CD00471B9A /* Layoutable.swift */ = {isa = PBXFileReference; lastKnownFileType = sourcecode.swift; path = Layoutable.swift; sourceTree = "<group>"; };
		07A1A8F321120DAE00471B9A /* en */ = {isa = PBXFileReference; lastKnownFileType = text.plist.strings; name = en; path = en.lproj/Localizable.strings; sourceTree = "<group>"; };
		07A1A8F621120E4A00471B9A /* L10n.swift */ = {isa = PBXFileReference; lastKnownFileType = sourcecode.swift; path = L10n.swift; sourceTree = "<group>"; };
		07A1A8FF2112109500471B9A /* GameView.swift */ = {isa = PBXFileReference; lastKnownFileType = sourcecode.swift; path = GameView.swift; sourceTree = "<group>"; };
		07A1A901211210AB00471B9A /* GameViewController.swift */ = {isa = PBXFileReference; lastKnownFileType = sourcecode.swift; path = GameViewController.swift; sourceTree = "<group>"; };
		07A1A90B2112404100471B9A /* Color.swift */ = {isa = PBXFileReference; lastKnownFileType = sourcecode.swift; path = Color.swift; sourceTree = "<group>"; };
		07A1A90D2112438300471B9A /* FlipView.swift */ = {isa = PBXFileReference; lastKnownFileType = sourcecode.swift; path = FlipView.swift; sourceTree = "<group>"; };
		07C168EE2114713D004F697C /* UserService.swift */ = {isa = PBXFileReference; lastKnownFileType = sourcecode.swift; path = UserService.swift; sourceTree = "<group>"; };
		07C168F02114791C004F697C /* APIError.swift */ = {isa = PBXFileReference; lastKnownFileType = sourcecode.swift; path = APIError.swift; sourceTree = "<group>"; };
		07C168F221147CB2004F697C /* Moya+Extensions.swift */ = {isa = PBXFileReference; lastKnownFileType = sourcecode.swift; path = "Moya+Extensions.swift"; sourceTree = "<group>"; };
		07C168F621148515004F697C /* User.swift */ = {isa = PBXFileReference; lastKnownFileType = sourcecode.swift; path = User.swift; sourceTree = "<group>"; };
		07C168F82114861F004F697C /* UsersResult.swift */ = {isa = PBXFileReference; lastKnownFileType = sourcecode.swift; path = UsersResult.swift; sourceTree = "<group>"; };
		07C168FB21148896004F697C /* ScoreboardView.swift */ = {isa = PBXFileReference; lastKnownFileType = sourcecode.swift; path = ScoreboardView.swift; sourceTree = "<group>"; };
		07C168FD211488AB004F697C /* ScoreboardViewController.swift */ = {isa = PBXFileReference; lastKnownFileType = sourcecode.swift; path = ScoreboardViewController.swift; sourceTree = "<group>"; };
		07C169012114B319004F697C /* Extensions.swift */ = {isa = PBXFileReference; lastKnownFileType = sourcecode.swift; path = Extensions.swift; sourceTree = "<group>"; };
		07C169032114B6DD004F697C /* LayoutingViewController.swift */ = {isa = PBXFileReference; lastKnownFileType = sourcecode.swift; path = LayoutingViewController.swift; sourceTree = "<group>"; };
		07C169052114B7B2004F697C /* KeyboardHandling.swift */ = {isa = PBXFileReference; lastKnownFileType = sourcecode.swift; path = KeyboardHandling.swift; sourceTree = "<group>"; };
		07C169072114B7CF004F697C /* KeyboardNotification.swift */ = {isa = PBXFileReference; lastKnownFileType = sourcecode.swift; path = KeyboardNotification.swift; sourceTree = "<group>"; };
		07C169092114B7F2004F697C /* KeyboardObserving.swift */ = {isa = PBXFileReference; lastKnownFileType = sourcecode.swift; path = KeyboardObserving.swift; sourceTree = "<group>"; };
		07C1690B2114CD8E004F697C /* Button.swift */ = {isa = PBXFileReference; lastKnownFileType = sourcecode.swift; path = Button.swift; sourceTree = "<group>"; };
		07C1690D2114D039004F697C /* TextField.swift */ = {isa = PBXFileReference; lastKnownFileType = sourcecode.swift; path = TextField.swift; sourceTree = "<group>"; };
		07C1690F2114D083004F697C /* Stylable.swift */ = {isa = PBXFileReference; lastKnownFileType = sourcecode.swift; path = Stylable.swift; sourceTree = "<group>"; };
		07C4BBCE2113670900A61284 /* API.swift */ = {isa = PBXFileReference; lastKnownFileType = sourcecode.swift; path = API.swift; sourceTree = "<group>"; };
		07C4BBD02113687600A61284 /* AuthService.swift */ = {isa = PBXFileReference; lastKnownFileType = sourcecode.swift; path = AuthService.swift; sourceTree = "<group>"; };
		07C4BBD221136D3500A61284 /* AuthResult.swift */ = {isa = PBXFileReference; lastKnownFileType = sourcecode.swift; path = AuthResult.swift; sourceTree = "<group>"; };
		07C4BBD92113713B00A61284 /* AuthView.swift */ = {isa = PBXFileReference; lastKnownFileType = sourcecode.swift; path = AuthView.swift; sourceTree = "<group>"; };
		07C4BBDB2113714D00A61284 /* AuthViewController.swift */ = {isa = PBXFileReference; lastKnownFileType = sourcecode.swift; path = AuthViewController.swift; sourceTree = "<group>"; };
		07C4BBE12113922300A61284 /* DefaultDecoder.swift */ = {isa = PBXFileReference; lastKnownFileType = sourcecode.swift; path = DefaultDecoder.swift; sourceTree = "<group>"; };
		07C4BBE32113933300A61284 /* GameService.swift */ = {isa = PBXFileReference; lastKnownFileType = sourcecode.swift; path = GameService.swift; sourceTree = "<group>"; };
		07EB7E3E2114DF6C00A11965 /* Loadingable.swift */ = {isa = PBXFileReference; lastKnownFileType = sourcecode.swift; path = Loadingable.swift; sourceTree = "<group>"; };
		07EB7E402114EAFB00A11965 /* Alert.swift */ = {isa = PBXFileReference; lastKnownFileType = sourcecode.swift; path = Alert.swift; sourceTree = "<group>"; };
		2F1FBD99000FC45DE7A668E0 /* Pods-iOS Trivia.release.xcconfig */ = {isa = PBXFileReference; includeInIndex = 1; lastKnownFileType = text.xcconfig; name = "Pods-iOS Trivia.release.xcconfig"; path = "Pods/Target Support Files/Pods-iOS Trivia/Pods-iOS Trivia.release.xcconfig"; sourceTree = "<group>"; };
		4D3C9BFEA1C01E14F4BF9E38 /* Pods-iOS Trivia.debug.xcconfig */ = {isa = PBXFileReference; includeInIndex = 1; lastKnownFileType = text.xcconfig; name = "Pods-iOS Trivia.debug.xcconfig"; path = "Pods/Target Support Files/Pods-iOS Trivia/Pods-iOS Trivia.debug.xcconfig"; sourceTree = "<group>"; };
		D087F5F5317530B4F48BF36D /* Pods_iOS_Trivia.framework */ = {isa = PBXFileReference; explicitFileType = wrapper.framework; includeInIndex = 0; path = Pods_iOS_Trivia.framework; sourceTree = BUILT_PRODUCTS_DIR; };
/* End PBXFileReference section */

/* Begin PBXFrameworksBuildPhase section */
		0744040A2111E4B40022440D /* Frameworks */ = {
			isa = PBXFrameworksBuildPhase;
			buildActionMask = 2147483647;
			files = (
				8DD342418837BBC8BAA5C7F0 /* Pods_iOS_Trivia.framework in Frameworks */,
			);
			runOnlyForDeploymentPostprocessing = 0;
		};
/* End PBXFrameworksBuildPhase section */

/* Begin PBXGroup section */
		074404042111E4B40022440D = {
			isa = PBXGroup;
			children = (
				0744040F2111E4B40022440D /* iOS Trivia */,
				0744040E2111E4B40022440D /* Products */,
				56090885E429B95660D20D85 /* Pods */,
				5E113AC4CDB59117BED651E6 /* Frameworks */,
			);
			sourceTree = "<group>";
		};
		0744040E2111E4B40022440D /* Products */ = {
			isa = PBXGroup;
			children = (
				0744040D2111E4B40022440D /* iOS Trivia.app */,
			);
			name = Products;
			sourceTree = "<group>";
		};
		0744040F2111E4B40022440D /* iOS Trivia */ = {
			isa = PBXGroup;
			children = (
				074404102111E4B40022440D /* AppDelegate.swift */,
				0744041C2111E4B40022440D /* Info.plist */,
				074404222111E4E90022440D /* GoogleService-Info.plist */,
				07C4BBCD211366F600A61284 /* Networking */,
				079C9CF42114303100D47060 /* Caching */,
				079B793F2112DECA006BF34F /* Models */,
				07A1A8FB21120F5700471B9A /* Base */,
				07A1A8F921120F3800471B9A /* Controllers */,
				07A1A8EF21120D6800471B9A /* Assets */,
				07A1A90A21123FB400471B9A /* Extensions */,
				07A1A8E22112060F00471B9A /* Protocols */,
			);
			path = "iOS Trivia";
			sourceTree = "<group>";
		};
		079B793F2112DECA006BF34F /* Models */ = {
			isa = PBXGroup;
			children = (
				079B79402112DED4006BF34F /* Question.swift */,
				07C4BBD221136D3500A61284 /* AuthResult.swift */,
				079C9CF721143AEC00D47060 /* TokenResult.swift */,
				07C168F621148515004F697C /* User.swift */,
				07C168F82114861F004F697C /* UsersResult.swift */,
				079B79422112DF12006BF34F /* Answer.swift */,
			);
			path = Models;
			sourceTree = "<group>";
		};
		079B79482112E6B6006BF34F /* Views */ = {
			isa = PBXGroup;
			children = (
				079B79492112E6CD006BF34F /* GameHeaderView.swift */,
				079B79442112DF96006BF34F /* QuestionView.swift */,
				079B79462112E080006BF34F /* AnswersView.swift */,
				07A1A90D2112438300471B9A /* FlipView.swift */,
				0789B20E2115730700D03226 /* TimerView.swift */,
			);
			path = Views;
			sourceTree = "<group>";
		};
		079C9CF42114303100D47060 /* Caching */ = {
			isa = PBXGroup;
			children = (
				079C9CF52114304900D47060 /* AuthCache.swift */,
			);
			path = Caching;
			sourceTree = "<group>";
		};
		07A1A8E22112060F00471B9A /* Protocols */ = {
			isa = PBXGroup;
			children = (
				07A1A8EC211208CD00471B9A /* Layoutable.swift */,
				078BEB7E2114FA5B008C6722 /* Reusable.swift */,
				07EB7E3E2114DF6C00A11965 /* Loadingable.swift */,
				07C1690F2114D083004F697C /* Stylable.swift */,
				07A1A8E52112068100471B9A /* Layouting.swift */,
				07C169052114B7B2004F697C /* KeyboardHandling.swift */,
				07C169072114B7CF004F697C /* KeyboardNotification.swift */,
				07C169092114B7F2004F697C /* KeyboardObserving.swift */,
			);
			path = Protocols;
			sourceTree = "<group>";
		};
		07A1A8E72112074900471B9A /* Welcome */ = {
			isa = PBXGroup;
			children = (
				07A1A8E82112076200471B9A /* WelcomeView.swift */,
				07A1A8EA2112077C00471B9A /* WelcomeViewController.swift */,
			);
			path = Welcome;
			sourceTree = "<group>";
		};
		07A1A8EF21120D6800471B9A /* Assets */ = {
			isa = PBXGroup;
			children = (
				07A1A90B2112404100471B9A /* Color.swift */,
				074404192111E4B40022440D /* LaunchScreen.storyboard */,
				074404172111E4B40022440D /* Assets.xcassets */,
				07A1A8F821120F2800471B9A /* Localization */,
			);
			path = Assets;
			sourceTree = "<group>";
		};
		07A1A8F821120F2800471B9A /* Localization */ = {
			isa = PBXGroup;
			children = (
				07A1A8F421120DAE00471B9A /* Localizable.strings */,
				07A1A8F621120E4A00471B9A /* L10n.swift */,
			);
			path = Localization;
			sourceTree = "<group>";
		};
		07A1A8F921120F3800471B9A /* Controllers */ = {
			isa = PBXGroup;
			children = (
				07C168FA2114886F004F697C /* Scoreboard */,
				07C4BBD82113712600A61284 /* Auth */,
				07A1A8E72112074900471B9A /* Welcome */,
				07A1A8FC2112101A00471B9A /* Game */,
			);
			path = Controllers;
			sourceTree = "<group>";
		};
		07A1A8FB21120F5700471B9A /* Base */ = {
			isa = PBXGroup;
			children = (
				07A1A8E32112063200471B9A /* LayoutableView.swift */,
				078BEB802114FB0D008C6722 /* LayoutableTableViewCell.swift */,
				07C169032114B6DD004F697C /* LayoutingViewController.swift */,
				07C1690B2114CD8E004F697C /* Button.swift */,
				07C1690D2114D039004F697C /* TextField.swift */,
				07EB7E402114EAFB00A11965 /* Alert.swift */,
			);
			path = Base;
			sourceTree = "<group>";
		};
		07A1A8FC2112101A00471B9A /* Game */ = {
			isa = PBXGroup;
			children = (
				079B79482112E6B6006BF34F /* Views */,
				07A1A8FF2112109500471B9A /* GameView.swift */,
				07A1A901211210AB00471B9A /* GameViewController.swift */,
			);
			path = Game;
			sourceTree = "<group>";
		};
		07A1A90A21123FB400471B9A /* Extensions */ = {
			isa = PBXGroup;
			children = (
				07C169012114B319004F697C /* Extensions.swift */,
				07C168F221147CB2004F697C /* Moya+Extensions.swift */,
			);
			name = Extensions;
			path = Protocols;
			sourceTree = "<group>";
		};
		07C168F421147CFD004F697C /* Services */ = {
			isa = PBXGroup;
			children = (
				07C4BBD02113687600A61284 /* AuthService.swift */,
				07C4BBE32113933300A61284 /* GameService.swift */,
				07C168EE2114713D004F697C /* UserService.swift */,
			);
			path = Services;
			sourceTree = "<group>";
		};
		07C168F521147D0D004F697C /* Supporting */ = {
			isa = PBXGroup;
			children = (
				07C168F02114791C004F697C /* APIError.swift */,
				07C4BBE12113922300A61284 /* DefaultDecoder.swift */,
			);
			path = Supporting;
			sourceTree = "<group>";
		};
		07C168FA2114886F004F697C /* Scoreboard */ = {
			isa = PBXGroup;
			children = (
				078BEB822114FB63008C6722 /* UserTableViewCell.swift */,
				07C168FB21148896004F697C /* ScoreboardView.swift */,
				07C168FD211488AB004F697C /* ScoreboardViewController.swift */,
			);
			path = Scoreboard;
			sourceTree = "<group>";
		};
		07C4BBCD211366F600A61284 /* Networking */ = {
			isa = PBXGroup;
			children = (
				07C4BBCE2113670900A61284 /* API.swift */,
				07C168F421147CFD004F697C /* Services */,
				07C168F521147D0D004F697C /* Supporting */,
			);
			path = Networking;
			sourceTree = "<group>";
		};
		07C4BBD82113712600A61284 /* Auth */ = {
			isa = PBXGroup;
			children = (
				07C4BBD92113713B00A61284 /* AuthView.swift */,
				07C4BBDB2113714D00A61284 /* AuthViewController.swift */,
			);
			path = Auth;
			sourceTree = "<group>";
		};
		56090885E429B95660D20D85 /* Pods */ = {
			isa = PBXGroup;
			children = (
				4D3C9BFEA1C01E14F4BF9E38 /* Pods-iOS Trivia.debug.xcconfig */,
				2F1FBD99000FC45DE7A668E0 /* Pods-iOS Trivia.release.xcconfig */,
			);
			name = Pods;
			sourceTree = "<group>";
		};
		5E113AC4CDB59117BED651E6 /* Frameworks */ = {
			isa = PBXGroup;
			children = (
				D087F5F5317530B4F48BF36D /* Pods_iOS_Trivia.framework */,
			);
			name = Frameworks;
			sourceTree = "<group>";
		};
/* End PBXGroup section */

/* Begin PBXNativeTarget section */
		0744040C2111E4B40022440D /* iOS Trivia */ = {
			isa = PBXNativeTarget;
			buildConfigurationList = 0744041F2111E4B40022440D /* Build configuration list for PBXNativeTarget "iOS Trivia" */;
			buildPhases = (
				F00A577205916F0EB81E397E /* [CP] Check Pods Manifest.lock */,
				074404092111E4B40022440D /* Sources */,
				0744040A2111E4B40022440D /* Frameworks */,
				0744040B2111E4B40022440D /* Resources */,
				02FADA38B1D966094E6F3827 /* [CP] Embed Pods Frameworks */,
				074404262111E68B0022440D /* ShellScript */,
			);
			buildRules = (
			);
			dependencies = (
			);
			name = "iOS Trivia";
			productName = "iOS Trivia";
			productReference = 0744040D2111E4B40022440D /* iOS Trivia.app */;
			productType = "com.apple.product-type.application";
		};
/* End PBXNativeTarget section */

/* Begin PBXProject section */
		074404052111E4B40022440D /* Project object */ = {
			isa = PBXProject;
			attributes = {
				LastSwiftUpdateCheck = 0940;
				LastUpgradeCheck = 0940;
				ORGANIZATIONNAME = "Omar Albeik";
				TargetAttributes = {
					0744040C2111E4B40022440D = {
						CreatedOnToolsVersion = 9.4.1;
					};
				};
			};
			buildConfigurationList = 074404082111E4B40022440D /* Build configuration list for PBXProject "iOS Trivia" */;
			compatibilityVersion = "Xcode 9.3";
			developmentRegion = en;
			hasScannedForEncodings = 0;
			knownRegions = (
				en,
				Base,
			);
			mainGroup = 074404042111E4B40022440D;
			productRefGroup = 0744040E2111E4B40022440D /* Products */;
			projectDirPath = "";
			projectRoot = "";
			targets = (
				0744040C2111E4B40022440D /* iOS Trivia */,
			);
		};
/* End PBXProject section */

/* Begin PBXResourcesBuildPhase section */
		0744040B2111E4B40022440D /* Resources */ = {
			isa = PBXResourcesBuildPhase;
			buildActionMask = 2147483647;
			files = (
				0744041B2111E4B40022440D /* LaunchScreen.storyboard in Resources */,
				07A1A8F221120DAE00471B9A /* Localizable.strings in Resources */,
				074404232111E4E90022440D /* GoogleService-Info.plist in Resources */,
				074404182111E4B40022440D /* Assets.xcassets in Resources */,
			);
			runOnlyForDeploymentPostprocessing = 0;
		};
/* End PBXResourcesBuildPhase section */

/* Begin PBXShellScriptBuildPhase section */
		02FADA38B1D966094E6F3827 /* [CP] Embed Pods Frameworks */ = {
			isa = PBXShellScriptBuildPhase;
			buildActionMask = 2147483647;
			files = (
			);
			inputPaths = (
				"${SRCROOT}/Pods/Target Support Files/Pods-iOS Trivia/Pods-iOS Trivia-frameworks.sh",
				"${BUILT_PRODUCTS_DIR}/Alamofire/Alamofire.framework",
				"${BUILT_PRODUCTS_DIR}/GoogleToolboxForMac/GoogleToolboxForMac.framework",
				"${BUILT_PRODUCTS_DIR}/Moya/Moya.framework",
				"${BUILT_PRODUCTS_DIR}/NVActivityIndicatorView/NVActivityIndicatorView.framework",
				"${BUILT_PRODUCTS_DIR}/Result/Result.framework",
				"${BUILT_PRODUCTS_DIR}/SnapKit/SnapKit.framework",
				"${BUILT_PRODUCTS_DIR}/SwiftMessages/SwiftMessages.framework",
				"${BUILT_PRODUCTS_DIR}/nanopb/nanopb.framework",
			);
			name = "[CP] Embed Pods Frameworks";
			outputPaths = (
				"${TARGET_BUILD_DIR}/${FRAMEWORKS_FOLDER_PATH}/Alamofire.framework",
				"${TARGET_BUILD_DIR}/${FRAMEWORKS_FOLDER_PATH}/GoogleToolboxForMac.framework",
				"${TARGET_BUILD_DIR}/${FRAMEWORKS_FOLDER_PATH}/Moya.framework",
				"${TARGET_BUILD_DIR}/${FRAMEWORKS_FOLDER_PATH}/NVActivityIndicatorView.framework",
				"${TARGET_BUILD_DIR}/${FRAMEWORKS_FOLDER_PATH}/Result.framework",
				"${TARGET_BUILD_DIR}/${FRAMEWORKS_FOLDER_PATH}/SnapKit.framework",
				"${TARGET_BUILD_DIR}/${FRAMEWORKS_FOLDER_PATH}/SwiftMessages.framework",
				"${TARGET_BUILD_DIR}/${FRAMEWORKS_FOLDER_PATH}/nanopb.framework",
			);
			runOnlyForDeploymentPostprocessing = 0;
			shellPath = /bin/sh;
			shellScript = "\"${SRCROOT}/Pods/Target Support Files/Pods-iOS Trivia/Pods-iOS Trivia-frameworks.sh\"\n";
			showEnvVarsInLog = 0;
		};
		074404262111E68B0022440D /* ShellScript */ = {
			isa = PBXShellScriptBuildPhase;
			buildActionMask = 2147483647;
			files = (
			);
			inputPaths = (
			);
			outputPaths = (
			);
			runOnlyForDeploymentPostprocessing = 0;
			shellPath = /bin/sh;
			shellScript = "if which swiftlint >/dev/null; then\nswiftlint\nelse\necho \"warning: SwiftLint not installed, download from https://github.com/realm/SwiftLint\"\nfi";
		};
		F00A577205916F0EB81E397E /* [CP] Check Pods Manifest.lock */ = {
			isa = PBXShellScriptBuildPhase;
			buildActionMask = 2147483647;
			files = (
			);
			inputPaths = (
				"${PODS_PODFILE_DIR_PATH}/Podfile.lock",
				"${PODS_ROOT}/Manifest.lock",
			);
			name = "[CP] Check Pods Manifest.lock";
			outputPaths = (
				"$(DERIVED_FILE_DIR)/Pods-iOS Trivia-checkManifestLockResult.txt",
			);
			runOnlyForDeploymentPostprocessing = 0;
			shellPath = /bin/sh;
			shellScript = "diff \"${PODS_PODFILE_DIR_PATH}/Podfile.lock\" \"${PODS_ROOT}/Manifest.lock\" > /dev/null\nif [ $? != 0 ] ; then\n    # print error to STDERR\n    echo \"error: The sandbox is not in sync with the Podfile.lock. Run 'pod install' or update your CocoaPods installation.\" >&2\n    exit 1\nfi\n# This output is used by Xcode 'outputs' to avoid re-running this script phase.\necho \"SUCCESS\" > \"${SCRIPT_OUTPUT_FILE_0}\"\n";
			showEnvVarsInLog = 0;
		};
/* End PBXShellScriptBuildPhase section */

/* Begin PBXSourcesBuildPhase section */
		074404092111E4B40022440D /* Sources */ = {
			isa = PBXSourcesBuildPhase;
			buildActionMask = 2147483647;
			files = (
				07C168EF2114713D004F697C /* UserService.swift in Sources */,
				07C4BBDC2113714D00A61284 /* AuthViewController.swift in Sources */,
				079B79412112DED4006BF34F /* Question.swift in Sources */,
				07A1A902211210AB00471B9A /* GameViewController.swift in Sources */,
				07C168F721148515004F697C /* User.swift in Sources */,
				074404112111E4B40022440D /* AppDelegate.swift in Sources */,
				07EB7E412114EAFB00A11965 /* Alert.swift in Sources */,
				07C4BBD12113687600A61284 /* AuthService.swift in Sources */,
				07C169082114B7CF004F697C /* KeyboardNotification.swift in Sources */,
				07C168FE211488AB004F697C /* ScoreboardViewController.swift in Sources */,
				07A1A8EB2112077C00471B9A /* WelcomeViewController.swift in Sources */,
				07C168F92114861F004F697C /* UsersResult.swift in Sources */,
				07A1A8E62112068100471B9A /* Layouting.swift in Sources */,
				07A1A8ED211208CD00471B9A /* Layoutable.swift in Sources */,
				079B79432112DF12006BF34F /* Answer.swift in Sources */,
				07C169062114B7B2004F697C /* KeyboardHandling.swift in Sources */,
				079C9CF62114304900D47060 /* AuthCache.swift in Sources */,
				07C1690A2114B7F2004F697C /* KeyboardObserving.swift in Sources */,
				07C169042114B6DD004F697C /* LayoutingViewController.swift in Sources */,
				078BEB832114FB63008C6722 /* UserTableViewCell.swift in Sources */,
				078BEB7F2114FA5B008C6722 /* Reusable.swift in Sources */,
				07C168F321147CB2004F697C /* Moya+Extensions.swift in Sources */,
				07C168FC21148896004F697C /* ScoreboardView.swift in Sources */,
				07EB7E3F2114DF6C00A11965 /* Loadingable.swift in Sources */,
				07C1690E2114D039004F697C /* TextField.swift in Sources */,
				07A1A9002112109500471B9A /* GameView.swift in Sources */,
				079B79472112E080006BF34F /* AnswersView.swift in Sources */,
				07C4BBE42113933300A61284 /* GameService.swift in Sources */,
				07C169022114B319004F697C /* Extensions.swift in Sources */,
				07A1A90C2112404100471B9A /* Color.swift in Sources */,
				078BEB812114FB0D008C6722 /* LayoutableTableViewCell.swift in Sources */,
				079B794A2112E6CD006BF34F /* GameHeaderView.swift in Sources */,
				07C4BBD321136D3500A61284 /* AuthResult.swift in Sources */,
				07C4BBDA2113713B00A61284 /* AuthView.swift in Sources */,
				0789B20F2115730700D03226 /* TimerView.swift in Sources */,
				07A1A90E2112438300471B9A /* FlipView.swift in Sources */,
				07A1A8F721120E4A00471B9A /* L10n.swift in Sources */,
				07C4BBE22113922300A61284 /* DefaultDecoder.swift in Sources */,
				07C169102114D083004F697C /* Stylable.swift in Sources */,
				07A1A8E42112063200471B9A /* LayoutableView.swift in Sources */,
				079B79452112DF96006BF34F /* QuestionView.swift in Sources */,
				07C1690C2114CD8E004F697C /* Button.swift in Sources */,
				07C168F12114791C004F697C /* APIError.swift in Sources */,
				07C4BBCF2113670900A61284 /* API.swift in Sources */,
				07A1A8E92112076200471B9A /* WelcomeView.swift in Sources */,
				079C9CF821143AEC00D47060 /* TokenResult.swift in Sources */,
			);
			runOnlyForDeploymentPostprocessing = 0;
		};
/* End PBXSourcesBuildPhase section */

/* Begin PBXVariantGroup section */
		074404192111E4B40022440D /* LaunchScreen.storyboard */ = {
			isa = PBXVariantGroup;
			children = (
				0744041A2111E4B40022440D /* Base */,
			);
			name = LaunchScreen.storyboard;
			sourceTree = "<group>";
		};
		07A1A8F421120DAE00471B9A /* Localizable.strings */ = {
			isa = PBXVariantGroup;
			children = (
				07A1A8F321120DAE00471B9A /* en */,
			);
			name = Localizable.strings;
			sourceTree = "<group>";
		};
/* End PBXVariantGroup section */

/* Begin XCBuildConfiguration section */
		0744041D2111E4B40022440D /* Debug */ = {
			isa = XCBuildConfiguration;
			buildSettings = {
				ALWAYS_SEARCH_USER_PATHS = NO;
				CLANG_ANALYZER_LOCALIZABILITY_NONLOCALIZED = YES;
				CLANG_ANALYZER_NONNULL = YES;
				CLANG_ANALYZER_NUMBER_OBJECT_CONVERSION = YES_AGGRESSIVE;
				CLANG_CXX_LANGUAGE_STANDARD = "gnu++14";
				CLANG_CXX_LIBRARY = "libc++";
				CLANG_ENABLE_MODULES = YES;
				CLANG_ENABLE_OBJC_ARC = YES;
				CLANG_ENABLE_OBJC_WEAK = YES;
				CLANG_WARN_BLOCK_CAPTURE_AUTORELEASING = YES;
				CLANG_WARN_BOOL_CONVERSION = YES;
				CLANG_WARN_COMMA = YES;
				CLANG_WARN_CONSTANT_CONVERSION = YES;
				CLANG_WARN_DEPRECATED_OBJC_IMPLEMENTATIONS = YES;
				CLANG_WARN_DIRECT_OBJC_ISA_USAGE = YES_ERROR;
				CLANG_WARN_DOCUMENTATION_COMMENTS = YES;
				CLANG_WARN_EMPTY_BODY = YES;
				CLANG_WARN_ENUM_CONVERSION = YES;
				CLANG_WARN_INFINITE_RECURSION = YES;
				CLANG_WARN_INT_CONVERSION = YES;
				CLANG_WARN_NON_LITERAL_NULL_CONVERSION = YES;
				CLANG_WARN_OBJC_IMPLICIT_RETAIN_SELF = YES;
				CLANG_WARN_OBJC_LITERAL_CONVERSION = YES;
				CLANG_WARN_OBJC_ROOT_CLASS = YES_ERROR;
				CLANG_WARN_RANGE_LOOP_ANALYSIS = YES;
				CLANG_WARN_STRICT_PROTOTYPES = YES;
				CLANG_WARN_SUSPICIOUS_MOVE = YES;
				CLANG_WARN_UNGUARDED_AVAILABILITY = YES_AGGRESSIVE;
				CLANG_WARN_UNREACHABLE_CODE = YES;
				CLANG_WARN__DUPLICATE_METHOD_MATCH = YES;
				CODE_SIGN_IDENTITY = "iPhone Developer";
				COPY_PHASE_STRIP = NO;
				DEBUG_INFORMATION_FORMAT = dwarf;
				ENABLE_STRICT_OBJC_MSGSEND = YES;
				ENABLE_TESTABILITY = YES;
				GCC_C_LANGUAGE_STANDARD = gnu11;
				GCC_DYNAMIC_NO_PIC = NO;
				GCC_NO_COMMON_BLOCKS = YES;
				GCC_OPTIMIZATION_LEVEL = 0;
				GCC_PREPROCESSOR_DEFINITIONS = (
					"DEBUG=1",
					"$(inherited)",
				);
				GCC_WARN_64_TO_32_BIT_CONVERSION = YES;
				GCC_WARN_ABOUT_RETURN_TYPE = YES_ERROR;
				GCC_WARN_UNDECLARED_SELECTOR = YES;
				GCC_WARN_UNINITIALIZED_AUTOS = YES_AGGRESSIVE;
				GCC_WARN_UNUSED_FUNCTION = YES;
				GCC_WARN_UNUSED_VARIABLE = YES;
				IPHONEOS_DEPLOYMENT_TARGET = 9.0;
				MTL_ENABLE_DEBUG_INFO = YES;
				ONLY_ACTIVE_ARCH = YES;
				SDKROOT = iphoneos;
				SWIFT_ACTIVE_COMPILATION_CONDITIONS = DEBUG;
				SWIFT_OPTIMIZATION_LEVEL = "-Onone";
			};
			name = Debug;
		};
		0744041E2111E4B40022440D /* Release */ = {
			isa = XCBuildConfiguration;
			buildSettings = {
				ALWAYS_SEARCH_USER_PATHS = NO;
				CLANG_ANALYZER_LOCALIZABILITY_NONLOCALIZED = YES;
				CLANG_ANALYZER_NONNULL = YES;
				CLANG_ANALYZER_NUMBER_OBJECT_CONVERSION = YES_AGGRESSIVE;
				CLANG_CXX_LANGUAGE_STANDARD = "gnu++14";
				CLANG_CXX_LIBRARY = "libc++";
				CLANG_ENABLE_MODULES = YES;
				CLANG_ENABLE_OBJC_ARC = YES;
				CLANG_ENABLE_OBJC_WEAK = YES;
				CLANG_WARN_BLOCK_CAPTURE_AUTORELEASING = YES;
				CLANG_WARN_BOOL_CONVERSION = YES;
				CLANG_WARN_COMMA = YES;
				CLANG_WARN_CONSTANT_CONVERSION = YES;
				CLANG_WARN_DEPRECATED_OBJC_IMPLEMENTATIONS = YES;
				CLANG_WARN_DIRECT_OBJC_ISA_USAGE = YES_ERROR;
				CLANG_WARN_DOCUMENTATION_COMMENTS = YES;
				CLANG_WARN_EMPTY_BODY = YES;
				CLANG_WARN_ENUM_CONVERSION = YES;
				CLANG_WARN_INFINITE_RECURSION = YES;
				CLANG_WARN_INT_CONVERSION = YES;
				CLANG_WARN_NON_LITERAL_NULL_CONVERSION = YES;
				CLANG_WARN_OBJC_IMPLICIT_RETAIN_SELF = YES;
				CLANG_WARN_OBJC_LITERAL_CONVERSION = YES;
				CLANG_WARN_OBJC_ROOT_CLASS = YES_ERROR;
				CLANG_WARN_RANGE_LOOP_ANALYSIS = YES;
				CLANG_WARN_STRICT_PROTOTYPES = YES;
				CLANG_WARN_SUSPICIOUS_MOVE = YES;
				CLANG_WARN_UNGUARDED_AVAILABILITY = YES_AGGRESSIVE;
				CLANG_WARN_UNREACHABLE_CODE = YES;
				CLANG_WARN__DUPLICATE_METHOD_MATCH = YES;
				CODE_SIGN_IDENTITY = "iPhone Developer";
				COPY_PHASE_STRIP = NO;
				DEBUG_INFORMATION_FORMAT = "dwarf-with-dsym";
				ENABLE_NS_ASSERTIONS = NO;
				ENABLE_STRICT_OBJC_MSGSEND = YES;
				GCC_C_LANGUAGE_STANDARD = gnu11;
				GCC_NO_COMMON_BLOCKS = YES;
				GCC_WARN_64_TO_32_BIT_CONVERSION = YES;
				GCC_WARN_ABOUT_RETURN_TYPE = YES_ERROR;
				GCC_WARN_UNDECLARED_SELECTOR = YES;
				GCC_WARN_UNINITIALIZED_AUTOS = YES_AGGRESSIVE;
				GCC_WARN_UNUSED_FUNCTION = YES;
				GCC_WARN_UNUSED_VARIABLE = YES;
				IPHONEOS_DEPLOYMENT_TARGET = 9.0;
				MTL_ENABLE_DEBUG_INFO = NO;
				SDKROOT = iphoneos;
				SWIFT_COMPILATION_MODE = wholemodule;
				SWIFT_OPTIMIZATION_LEVEL = "-O";
				VALIDATE_PRODUCT = YES;
			};
			name = Release;
		};
		074404202111E4B40022440D /* Debug */ = {
			isa = XCBuildConfiguration;
			baseConfigurationReference = 4D3C9BFEA1C01E14F4BF9E38 /* Pods-iOS Trivia.debug.xcconfig */;
			buildSettings = {
				ASSETCATALOG_COMPILER_APPICON_NAME = AppIcon;
				CODE_SIGN_STYLE = Automatic;
				DEVELOPMENT_TEAM = C3VKVFB3SA;
				INFOPLIST_FILE = "iOS Trivia/Info.plist";
				IPHONEOS_DEPLOYMENT_TARGET = 9.0;
				LD_RUNPATH_SEARCH_PATHS = (
					"$(inherited)",
					"@executable_path/Frameworks",
				);
				PRODUCT_BUNDLE_IDENTIFIER = "com.omaralbeik.ios-trivia";
				PRODUCT_NAME = "$(TARGET_NAME)";
				SWIFT_VERSION = 4.0;
				TARGETED_DEVICE_FAMILY = 1;
			};
			name = Debug;
		};
		074404212111E4B40022440D /* Release */ = {
			isa = XCBuildConfiguration;
			baseConfigurationReference = 2F1FBD99000FC45DE7A668E0 /* Pods-iOS Trivia.release.xcconfig */;
			buildSettings = {
				ASSETCATALOG_COMPILER_APPICON_NAME = AppIcon;
				CODE_SIGN_STYLE = Automatic;
				DEVELOPMENT_TEAM = C3VKVFB3SA;
				INFOPLIST_FILE = "iOS Trivia/Info.plist";
				IPHONEOS_DEPLOYMENT_TARGET = 9.0;
				LD_RUNPATH_SEARCH_PATHS = (
					"$(inherited)",
					"@executable_path/Frameworks",
				);
				PRODUCT_BUNDLE_IDENTIFIER = "com.omaralbeik.ios-trivia";
				PRODUCT_NAME = "$(TARGET_NAME)";
				SWIFT_VERSION = 4.0;
				TARGETED_DEVICE_FAMILY = 1;
			};
			name = Release;
		};
/* End XCBuildConfiguration section */

/* Begin XCConfigurationList section */
		074404082111E4B40022440D /* Build configuration list for PBXProject "iOS Trivia" */ = {
			isa = XCConfigurationList;
			buildConfigurations = (
				0744041D2111E4B40022440D /* Debug */,
				0744041E2111E4B40022440D /* Release */,
			);
			defaultConfigurationIsVisible = 0;
			defaultConfigurationName = Release;
		};
		0744041F2111E4B40022440D /* Build configuration list for PBXNativeTarget "iOS Trivia" */ = {
			isa = XCConfigurationList;
			buildConfigurations = (
				074404202111E4B40022440D /* Debug */,
				074404212111E4B40022440D /* Release */,
			);
			defaultConfigurationIsVisible = 0;
			defaultConfigurationName = Release;
		};
/* End XCConfigurationList section */
	};
	rootObject = 074404052111E4B40022440D /* Project object */;
}
